{
  "name": "summafy",
  "lockfileVersion": 3,
  "requires": true,
  "packages": {
    "": {
      "dependencies": {
        "secure-ls": "^2.0.0"
      }
    },
    "node_modules/crypto-js": {
      "version": "4.2.0",
      "resolved": "https://registry.npmjs.org/crypto-js/-/crypto-js-4.2.0.tgz",
      "integrity": "sha512-KALDyEYgpY+Rlob/iriUtjV6d5Eq+Y191A5g4UqLAi8CyGP9N1+FdVbkc1SxKc2r4YAYqG8JzO2KGL+AizD70Q=="
    },
    "node_modules/lz-string": {
      "version": "1.5.0",
      "resolved": "https://registry.npmjs.org/lz-string/-/lz-string-1.5.0.tgz",
      "integrity": "sha512-h5bgJWpxJNswbU7qCrV0tIKQCaS3blPDrqKWx+QxzuzL1zGUzij9XCWLrSLsJPu5t+eWA/ycetzYAO5IOMcWAQ==",
      "bin": {
        "lz-string": "bin/bin.js"
      }
    },
    "node_modules/secure-ls": {
      "version": "2.0.0",
      "resolved": "https://registry.npmjs.org/secure-ls/-/secure-ls-2.0.0.tgz",
      "integrity": "sha512-Wgtnw0QSm0v7gVKv11nOoeyGS65EThGXnBB7jfd4IhZd2eq3B4AMPcXAL5qJ1h55+Qolun7TONTwX7H5m6e2pQ==",
      "license": "MIT",
      "dependencies": {
        "crypto-js": "^4.2.0",
        "lz-string": "^1.5.0"
      },
      "engines": {
        "node": ">=8.0"
      }
    }
  }
}
